{
  "version": 4,
  "terraform_version": "1.14.4",
  "serial": 151,
  "lineage": "fcfbe826-2ea7-de8c-4886-fb19fb2fa326",
  "outputs": {
    "my_pet_name": {
      "value": "MR.ghost",
      "type": "string"
    }
  },
  "resources": [
    {
      "mode": "managed",
      "type": "local_file",
      "name": "myfirstfile1",
      "provider": "provider[\"registry.terraform.io/hashicorp/local\"]",
      "instances": [
        {
          "index_key": 0,
          "schema_version": 0,
          "attributes": {
            "content": "hello guys welcome to my file",
            "content_base64": null,
            "content_base64sha256": "n/7e94Tp2G+Tdf7nvzAJddh66ZaV4MdoJjRQ5NwLyAc=",
            "content_base64sha512": "0ui1mokurFVwyhf9l/6Wuv5sMWJDCfk6Tb8UIpHPRKmmms25Xm6xPdm3BJwNMSrrnvReJqrW75B6G56wyGHb9g==",
            "content_md5": "98ffc8374a9c318bfa2511e7f45993fa",
            "content_sha1": "101b3115b1f84edff55d9e7819bf22bfcfd77e1d",
            "content_sha256": "9ffedef784e9d86f9375fee7bf300975d87ae99695e0c768263450e4dc0bc807",
            "content_sha512": "d2e8b59a892eac5570ca17fd97fe96bafe6c31624309f93a4dbf142291cf44a9a69acdb95e6eb13dd9b7049c0d312aeb9ef45e26aad6ef907a1b9eb0c861dbf6",
            "directory_permission": "0777",
            "file_permission": "0777",
            "filename": "myfirstfile.txt",
            "id": "101b3115b1f84edff55d9e7819bf22bfcfd77e1d",
            "sensitive_content": null,
            "source": null
          },
          "sensitive_attributes": [
            [
              {
                "type": "get_attr",
                "value": "sensitive_content"
              }
            ]
          ],
          "identity_schema_version": 0
        },
        {
          "index_key": 1,
          "schema_version": 0,
          "attributes": {
            "content": "hello guys welcome to my file",
            "content_base64": null,
            "content_base64sha256": "n/7e94Tp2G+Tdf7nvzAJddh66ZaV4MdoJjRQ5NwLyAc=",
            "content_base64sha512": "0ui1mokurFVwyhf9l/6Wuv5sMWJDCfk6Tb8UIpHPRKmmms25Xm6xPdm3BJwNMSrrnvReJqrW75B6G56wyGHb9g==",
            "content_md5": "98ffc8374a9c318bfa2511e7f45993fa",
            "content_sha1": "101b3115b1f84edff55d9e7819bf22bfcfd77e1d",
            "content_sha256": "9ffedef784e9d86f9375fee7bf300975d87ae99695e0c768263450e4dc0bc807",
            "content_sha512": "d2e8b59a892eac5570ca17fd97fe96bafe6c31624309f93a4dbf142291cf44a9a69acdb95e6eb13dd9b7049c0d312aeb9ef45e26aad6ef907a1b9eb0c861dbf6",
            "directory_permission": "0777",
            "file_permission": "0777",
            "filename": "mysecondfile.txt",
            "id": "101b3115b1f84edff55d9e7819bf22bfcfd77e1d",
            "sensitive_content": null,
            "source": null
          },
          "sensitive_attributes": [
            [
              {
                "type": "get_attr",
                "value": "sensitive_content"
              }
            ]
          ],
          "identity_schema_version": 0
        },
        {
          "index_key": 2,
          "schema_version": 0,
          "attributes": {
            "content": "hello guys welcome to my file",
            "content_base64": null,
            "content_base64sha256": "n/7e94Tp2G+Tdf7nvzAJddh66ZaV4MdoJjRQ5NwLyAc=",
            "content_base64sha512": "0ui1mokurFVwyhf9l/6Wuv5sMWJDCfk6Tb8UIpHPRKmmms25Xm6xPdm3BJwNMSrrnvReJqrW75B6G56wyGHb9g==",
            "content_md5": "98ffc8374a9c318bfa2511e7f45993fa",
            "content_sha1": "101b3115b1f84edff55d9e7819bf22bfcfd77e1d",
            "content_sha256": "9ffedef784e9d86f9375fee7bf300975d87ae99695e0c768263450e4dc0bc807",
            "content_sha512": "d2e8b59a892eac5570ca17fd97fe96bafe6c31624309f93a4dbf142291cf44a9a69acdb95e6eb13dd9b7049c0d312aeb9ef45e26aad6ef907a1b9eb0c861dbf6",
            "directory_permission": "0777",
            "file_permission": "0777",
            "filename": "mythirdfile.txt",
            "id": "101b3115b1f84edff55d9e7819bf22bfcfd77e1d",
            "sensitive_content": null,
            "source": null
          },
          "sensitive_attributes": [
            [
              {
                "type": "get_attr",
                "value": "sensitive_content"
              }
            ]
          ],
          "identity_schema_version": 0
        },
        {
          "index_key": 3,
          "schema_version": 0,
          "attributes": {
            "content": "hello guys welcome to my file",
            "content_base64": null,
            "content_base64sha256": "n/7e94Tp2G+Tdf7nvzAJddh66ZaV4MdoJjRQ5NwLyAc=",
            "content_base64sha512": "0ui1mokurFVwyhf9l/6Wuv5sMWJDCfk6Tb8UIpHPRKmmms25Xm6xPdm3BJwNMSrrnvReJqrW75B6G56wyGHb9g==",
            "content_md5": "98ffc8374a9c318bfa2511e7f45993fa",
            "content_sha1": "101b3115b1f84edff55d9e7819bf22bfcfd77e1d",
            "content_sha256": "9ffedef784e9d86f9375fee7bf300975d87ae99695e0c768263450e4dc0bc807",
            "content_sha512": "d2e8b59a892eac5570ca17fd97fe96bafe6c31624309f93a4dbf142291cf44a9a69acdb95e6eb13dd9b7049c0d312aeb9ef45e26aad6ef907a1b9eb0c861dbf6",
            "directory_permission": "0777",
            "file_permission": "0777",
            "filename": "myfourthfile.txt",
            "id": "101b3115b1f84edff55d9e7819bf22bfcfd77e1d",
            "sensitive_content": null,
            "source": null
          },
          "sensitive_attributes": [
            [
              {
                "type": "get_attr",
                "value": "sensitive_content"
              }
            ]
          ],
          "identity_schema_version": 0
        },
        {
          "index_key": 4,
          "schema_version": 0,
          "attributes": {
            "content": "hello guys welcome to my file",
            "content_base64": null,
            "content_base64sha256": "n/7e94Tp2G+Tdf7nvzAJddh66ZaV4MdoJjRQ5NwLyAc=",
            "content_base64sha512": "0ui1mokurFVwyhf9l/6Wuv5sMWJDCfk6Tb8UIpHPRKmmms25Xm6xPdm3BJwNMSrrnvReJqrW75B6G56wyGHb9g==",
            "content_md5": "98ffc8374a9c318bfa2511e7f45993fa",
            "content_sha1": "101b3115b1f84edff55d9e7819bf22bfcfd77e1d",
            "content_sha256": "9ffedef784e9d86f9375fee7bf300975d87ae99695e0c768263450e4dc0bc807",
            "content_sha512": "d2e8b59a892eac5570ca17fd97fe96bafe6c31624309f93a4dbf142291cf44a9a69acdb95e6eb13dd9b7049c0d312aeb9ef45e26aad6ef907a1b9eb0c861dbf6",
            "directory_permission": "0777",
            "file_permission": "0777",
            "filename": "myfifthfile.txt",
            "id": "101b3115b1f84edff55d9e7819bf22bfcfd77e1d",
            "sensitive_content": null,
            "source": null
          },
          "sensitive_attributes": [
            [
              {
                "type": "get_attr",
                "value": "sensitive_content"
              }
            ]
          ],
          "identity_schema_version": 0
        }
      ]
    },
    {
      "mode": "managed",
      "type": "random_pet",
      "name": "mypetname1",
      "provider": "provider[\"registry.terraform.io/hashicorp/random\"]",
      "instances": [
        {
          "schema_version": 0,
          "attributes": {
            "id": "MR.ghost",
            "keepers": null,
            "length": 1,
            "prefix": "MR",
            "separator": "."
          },
          "sensitive_attributes": [],
          "identity_schema_version": 0
        }
      ]
    },
    {
      "mode": "managed",
      "type": "random_pet",
      "name": "mypetname2",
      "provider": "provider[\"registry.terraform.io/hashicorp/random\"]",
      "instances": [
        {
          "schema_version": 0,
          "attributes": {
            "id": "MR.personally.genuinely.rarely.readily.humbly.indirectly.urgently.nearly.resolved.poodle",
            "keepers": null,
            "length": 10,
            "prefix": "MR",
            "separator": "."
          },
          "sensitive_attributes": [],
          "identity_schema_version": 0
        }
      ]
    },
    {
      "mode": "managed",
      "type": "random_pet",
      "name": "mypetname3",
      "provider": "provider[\"registry.terraform.io/hashicorp/random\"]",
      "instances": [
        {
          "schema_version": 0,
          "attributes": {
            "id": "MR.clear.osprey",
            "keepers": null,
            "length": 2,
            "prefix": "MR",
            "separator": "."
          },
          "sensitive_attributes": [],
          "identity_schema_version": 0,
          "dependencies": [
            "random_pet.mypetname1"
          ]
        }
      ]
    },
    {
      "mode": "managed",
      "type": "random_pet",
      "name": "mypetname4",
      "provider": "provider[\"registry.terraform.io/hashicorp/random\"]",
      "instances": [
        {
          "schema_version": 0,
          "attributes": {
            "id": "MR.rationally.grossly.purely.firstly.especially.exactly.thankfully.quickly.apt.stud",
            "keepers": null,
            "length": 10,
            "prefix": "MR",
            "separator": "."
          },
          "sensitive_attributes": [],
          "identity_schema_version": 0
        }
      ]
    },
    {
      "mode": "managed",
      "type": "random_pet",
      "name": "mypetname5",
      "provider": "provider[\"registry.terraform.io/hashicorp/random\"]",
      "instances": [
        {
          "schema_version": 0,
          "attributes": {
            "id": "MR.mentally.wrongly.multiply.mentally.greatly.indirectly.promptly.similarly.useful.sparrow",
            "keepers": null,
            "length": 10,
            "prefix": "MR",
            "separator": "."
          },
          "sensitive_attributes": [],
          "identity_schema_version": 0
        }
      ]
    }
  ],
  "check_results": [
    {
      "object_kind": "var",
      "config_addr": "var.filename",
      "status": "pass",
      "objects": [
        {
          "object_addr": "var.filename",
          "status": "pass"
        }
      ]
    }
  ]
}
